
Microsoft Visual Studio Solution File, Format Version 12.00
# Visual Studio Version 17
VisualStudioVersion = 17.5.33530.505
MinimumVisualStudioVersion = 10.0.40219.1
Project("{FAE04EC0-301F-11D3-BF4B-00C04F79EFBC}") = "Trunfo Game", "Trunfo Game\Trunfo Game.csproj", "{20FA47BF-2614-4213-9C4D-D3D3D9A3466F}"
EndProject
Global
	GlobalSection(SolutionConfigurationPlatforms) = preSolution
		Debug|Any CPU = Debug|Any CPU
		Release|Any CPU = Release|Any CPU
	EndGlobalSection
	GlobalSection(ProjectConfigurationPlatforms) = postSolution
		{20FA47BF-2614-4213-9C4D-D3D3D9A3466F}.Debug|Any CPU.ActiveCfg = Debug|Any CPU
		{20FA47BF-2614-4213-9C4D-D3D3D9A3466F}.Debug|Any CPU.Build.0 = Debug|Any CPU
		{20FA47BF-2614-4213-9C4D-D3D3D9A3466F}.Release|Any CPU.ActiveCfg = Release|Any CPU
		{20FA47BF-2614-4213-9C4D-D3D3D9A3466F}.Release|Any CPU.Build.0 = Release|Any CPU
	EndGlobalSection
	GlobalSection(SolutionProperties) = preSolution
		HideSolutionNode = FALSE
	EndGlobalSection
	GlobalSection(ExtensibilityGlobals) = postSolution
		SolutionGuid = {F402010F-5D23-4779-A70E-22C1C5CEE8E1}
	EndGlobalSection
EndGlobal
